
Microsoft Visual Studio Solution File, Format Version 12.00
# Visual Studio 15
VisualStudioVersion = 15.0.26730.16
MinimumVisualStudioVersion = 10.0.40219.1
Project("{FAE04EC0-301F-11D3-BF4B-00C04F79EFBC}") = "ClusteringBig", "ClusteringBig\ClusteringBig.csproj", "{7330FD53-87D1-4D2D-9BC9-37D9F4FF741C}"
EndProject
Project("{FAE04EC0-301F-11D3-BF4B-00C04F79EFBC}") = "ClusteringBigTest", "ClusteringBigTest\ClusteringBigTest.csproj", "{88DE8481-1A82-4DAB-891A-B290A34A0E14}"
EndProject
Project("{FAE04EC0-301F-11D3-BF4B-00C04F79EFBC}") = "ClusterizeLib", "ClusterizeLib\ClusterizeLib.csproj", "{A60DAFDB-F3A5-47AC-9A64-089B3F0A85DB}"
EndProject
Global
	GlobalSection(SolutionConfigurationPlatforms) = preSolution
		Debug|Any CPU = Debug|Any CPU
		Release|Any CPU = Release|Any CPU
	EndGlobalSection
	GlobalSection(ProjectConfigurationPlatforms) = postSolution
		{7330FD53-87D1-4D2D-9BC9-37D9F4FF741C}.Debug|Any CPU.ActiveCfg = Debug|Any CPU
		{7330FD53-87D1-4D2D-9BC9-37D9F4FF741C}.Debug|Any CPU.Build.0 = Debug|Any CPU
		{7330FD53-87D1-4D2D-9BC9-37D9F4FF741C}.Release|Any CPU.ActiveCfg = Release|Any CPU
		{7330FD53-87D1-4D2D-9BC9-37D9F4FF741C}.Release|Any CPU.Build.0 = Release|Any CPU
		{88DE8481-1A82-4DAB-891A-B290A34A0E14}.Debug|Any CPU.ActiveCfg = Debug|Any CPU
		{88DE8481-1A82-4DAB-891A-B290A34A0E14}.Debug|Any CPU.Build.0 = Debug|Any CPU
		{88DE8481-1A82-4DAB-891A-B290A34A0E14}.Release|Any CPU.ActiveCfg = Release|Any CPU
		{88DE8481-1A82-4DAB-891A-B290A34A0E14}.Release|Any CPU.Build.0 = Release|Any CPU
		{A60DAFDB-F3A5-47AC-9A64-089B3F0A85DB}.Debug|Any CPU.ActiveCfg = Debug|Any CPU
		{A60DAFDB-F3A5-47AC-9A64-089B3F0A85DB}.Debug|Any CPU.Build.0 = Debug|Any CPU
		{A60DAFDB-F3A5-47AC-9A64-089B3F0A85DB}.Release|Any CPU.ActiveCfg = Release|Any CPU
		{A60DAFDB-F3A5-47AC-9A64-089B3F0A85DB}.Release|Any CPU.Build.0 = Release|Any CPU
	EndGlobalSection
	GlobalSection(SolutionProperties) = preSolution
		HideSolutionNode = FALSE
	EndGlobalSection
	GlobalSection(ExtensibilityGlobals) = postSolution
		SolutionGuid = {88B7539C-6F87-49F6-9FD7-A26D67F9B16E}
	EndGlobalSection
EndGlobal
